
Microsoft Visual Studio Solution File, Format Version 12.00
# Visual Studio 14
VisualStudioVersion = 14.0.25420.1
MinimumVisualStudioVersion = 10.0.40219.1
Project("{8BC9CEB8-8B4A-11D0-8D11-00A0C91BC942}") = "FirstDriver", "FirstDriver\FirstDriver.vcxproj", "{1263C9FF-5ACB-4B15-ABC1-4DDFC55876EF}"
EndProject
Project("{8BC9CEB8-8B4A-11D0-8D11-00A0C91BC942}") = "EnumDrivers", "EnumDrivers\EnumDrivers.vcxproj", "{8D8EB6BC-E855-401B-98DA-340815ED66A6}"
EndProject
Project("{8BC9CEB8-8B4A-11D0-8D11-00A0C91BC942}") = "OperateFile", "OperateFile\OperateFile.vcxproj", "{80C74F0F-F909-490C-AEB4-2C969352773E}"
EndProject
Project("{8BC9CEB8-8B4A-11D0-8D11-00A0C91BC942}") = "Regedit", "Regedit\Regedit.vcxproj", "{1DD6EB4B-5CF8-4BEA-85A0-4BF9ACE4D03F}"
EndProject
Project("{8BC9CEB8-8B4A-11D0-8D11-00A0C91BC942}") = "MemoryOperation", "MemoryManager\MemoryManager.vcxproj", "{D9FCE6EB-AC19-43D5-BB05-C46A156741F5}"
EndProject
Project("{8BC9CEB8-8B4A-11D0-8D11-00A0C91BC942}") = "ProcessOperation", "ProcessOperation\ProcessOperation.vcxproj", "{DAC2E8C2-2F0F-4758-BD0B-136451A1C055}"
EndProject
Project("{8BC9CEB8-8B4A-11D0-8D11-00A0C91BC942}") = "SSDT", "SSDT\SSDT.vcxproj", "{6E5255A8-8761-4EF8-8368-E83409F7EFC8}"
EndProject
Project("{8BC9CEB8-8B4A-11D0-8D11-00A0C91BC942}") = "ProcessMonitor", "ProcessMonitor\ProcessMonitor.vcxproj", "{89AD3F63-46DE-46F9-AD91-228A3EA11C38}"
EndProject
Global
	GlobalSection(SolutionConfigurationPlatforms) = preSolution
		Debug|ARM = Debug|ARM
		Debug|ARM64 = Debug|ARM64
		Debug|x64 = Debug|x64
		Debug|x86 = Debug|x86
		Release|ARM = Release|ARM
		Release|ARM64 = Release|ARM64
		Release|x64 = Release|x64
		Release|x86 = Release|x86
	EndGlobalSection
	GlobalSection(ProjectConfigurationPlatforms) = postSolution
		{1263C9FF-5ACB-4B15-ABC1-4DDFC55876EF}.Debug|ARM.ActiveCfg = Debug|Win32
		{1263C9FF-5ACB-4B15-ABC1-4DDFC55876EF}.Debug|ARM64.ActiveCfg = Debug|Win32
		{1263C9FF-5ACB-4B15-ABC1-4DDFC55876EF}.Debug|x64.ActiveCfg = Debug|x64
		{1263C9FF-5ACB-4B15-ABC1-4DDFC55876EF}.Debug|x64.Build.0 = Debug|x64
		{1263C9FF-5ACB-4B15-ABC1-4DDFC55876EF}.Debug|x64.Deploy.0 = Debug|x64
		{1263C9FF-5ACB-4B15-ABC1-4DDFC55876EF}.Debug|x86.ActiveCfg = Debug|Win32
		{1263C9FF-5ACB-4B15-ABC1-4DDFC55876EF}.Debug|x86.Build.0 = Debug|Win32
		{1263C9FF-5ACB-4B15-ABC1-4DDFC55876EF}.Debug|x86.Deploy.0 = Debug|Win32
		{1263C9FF-5ACB-4B15-ABC1-4DDFC55876EF}.Release|ARM.ActiveCfg = Release|Win32
		{1263C9FF-5ACB-4B15-ABC1-4DDFC55876EF}.Release|ARM64.ActiveCfg = Release|Win32
		{1263C9FF-5ACB-4B15-ABC1-4DDFC55876EF}.Release|x64.ActiveCfg = Release|x64
		{1263C9FF-5ACB-4B15-ABC1-4DDFC55876EF}.Release|x64.Build.0 = Release|x64
		{1263C9FF-5ACB-4B15-ABC1-4DDFC55876EF}.Release|x64.Deploy.0 = Release|x64
		{1263C9FF-5ACB-4B15-ABC1-4DDFC55876EF}.Release|x86.ActiveCfg = Release|Win32
		{1263C9FF-5ACB-4B15-ABC1-4DDFC55876EF}.Release|x86.Build.0 = Release|Win32
		{1263C9FF-5ACB-4B15-ABC1-4DDFC55876EF}.Release|x86.Deploy.0 = Release|Win32
		{8D8EB6BC-E855-401B-98DA-340815ED66A6}.Debug|ARM.ActiveCfg = Debug|Win32
		{8D8EB6BC-E855-401B-98DA-340815ED66A6}.Debug|ARM64.ActiveCfg = Debug|Win32
		{8D8EB6BC-E855-401B-98DA-340815ED66A6}.Debug|x64.ActiveCfg = Debug|x64
		{8D8EB6BC-E855-401B-98DA-340815ED66A6}.Debug|x64.Build.0 = Debug|x64
		{8D8EB6BC-E855-401B-98DA-340815ED66A6}.Debug|x64.Deploy.0 = Debug|x64
		{8D8EB6BC-E855-401B-98DA-340815ED66A6}.Debug|x86.ActiveCfg = Debug|Win32
		{8D8EB6BC-E855-401B-98DA-340815ED66A6}.Debug|x86.Build.0 = Debug|Win32
		{8D8EB6BC-E855-401B-98DA-340815ED66A6}.Debug|x86.Deploy.0 = Debug|Win32
		{8D8EB6BC-E855-401B-98DA-340815ED66A6}.Release|ARM.ActiveCfg = Release|Win32
		{8D8EB6BC-E855-401B-98DA-340815ED66A6}.Release|ARM64.ActiveCfg = Release|Win32
		{8D8EB6BC-E855-401B-98DA-340815ED66A6}.Release|x64.ActiveCfg = Release|x64
		{8D8EB6BC-E855-401B-98DA-340815ED66A6}.Release|x64.Build.0 = Release|x64
		{8D8EB6BC-E855-401B-98DA-340815ED66A6}.Release|x64.Deploy.0 = Release|x64
		{8D8EB6BC-E855-401B-98DA-340815ED66A6}.Release|x86.ActiveCfg = Release|Win32
		{8D8EB6BC-E855-401B-98DA-340815ED66A6}.Release|x86.Build.0 = Release|Win32
		{8D8EB6BC-E855-401B-98DA-340815ED66A6}.Release|x86.Deploy.0 = Release|Win32
		{80C74F0F-F909-490C-AEB4-2C969352773E}.Debug|ARM.ActiveCfg = Debug|ARM
		{80C74F0F-F909-490C-AEB4-2C969352773E}.Debug|ARM.Build.0 = Debug|ARM
		{80C74F0F-F909-490C-AEB4-2C969352773E}.Debug|ARM.Deploy.0 = Debug|ARM
		{80C74F0F-F909-490C-AEB4-2C969352773E}.Debug|ARM64.ActiveCfg = Debug|ARM64
		{80C74F0F-F909-490C-AEB4-2C969352773E}.Debug|ARM64.Build.0 = Debug|ARM64
		{80C74F0F-F909-490C-AEB4-2C969352773E}.Debug|ARM64.Deploy.0 = Debug|ARM64
		{80C74F0F-F909-490C-AEB4-2C969352773E}.Debug|x64.ActiveCfg = Debug|x64
		{80C74F0F-F909-490C-AEB4-2C969352773E}.Debug|x64.Build.0 = Debug|x64
		{80C74F0F-F909-490C-AEB4-2C969352773E}.Debug|x64.Deploy.0 = Debug|x64
		{80C74F0F-F909-490C-AEB4-2C969352773E}.Debug|x86.ActiveCfg = Debug|Win32
		{80C74F0F-F909-490C-AEB4-2C969352773E}.Debug|x86.Build.0 = Debug|Win32
		{80C74F0F-F909-490C-AEB4-2C969352773E}.Debug|x86.Deploy.0 = Debug|Win32
		{80C74F0F-F909-490C-AEB4-2C969352773E}.Release|ARM.ActiveCfg = Release|ARM
		{80C74F0F-F909-490C-AEB4-2C969352773E}.Release|ARM.Build.0 = Release|ARM
		{80C74F0F-F909-490C-AEB4-2C969352773E}.Release|ARM.Deploy.0 = Release|ARM
		{80C74F0F-F909-490C-AEB4-2C969352773E}.Release|ARM64.ActiveCfg = Release|ARM64
		{80C74F0F-F909-490C-AEB4-2C969352773E}.Release|ARM64.Build.0 = Release|ARM64
		{80C74F0F-F909-490C-AEB4-2C969352773E}.Release|ARM64.Deploy.0 = Release|ARM64
		{80C74F0F-F909-490C-AEB4-2C969352773E}.Release|x64.ActiveCfg = Release|x64
		{80C74F0F-F909-490C-AEB4-2C969352773E}.Release|x64.Build.0 = Release|x64
		{80C74F0F-F909-490C-AEB4-2C969352773E}.Release|x64.Deploy.0 = Release|x64
		{80C74F0F-F909-490C-AEB4-2C969352773E}.Release|x86.ActiveCfg = Release|Win32
		{80C74F0F-F909-490C-AEB4-2C969352773E}.Release|x86.Build.0 = Release|Win32
		{80C74F0F-F909-490C-AEB4-2C969352773E}.Release|x86.Deploy.0 = Release|Win32
		{1DD6EB4B-5CF8-4BEA-85A0-4BF9ACE4D03F}.Debug|ARM.ActiveCfg = Debug|ARM
		{1DD6EB4B-5CF8-4BEA-85A0-4BF9ACE4D03F}.Debug|ARM.Build.0 = Debug|ARM
		{1DD6EB4B-5CF8-4BEA-85A0-4BF9ACE4D03F}.Debug|ARM.Deploy.0 = Debug|ARM
		{1DD6EB4B-5CF8-4BEA-85A0-4BF9ACE4D03F}.Debug|ARM64.ActiveCfg = Debug|ARM64
		{1DD6EB4B-5CF8-4BEA-85A0-4BF9ACE4D03F}.Debug|ARM64.Build.0 = Debug|ARM64
		{1DD6EB4B-5CF8-4BEA-85A0-4BF9ACE4D03F}.Debug|ARM64.Deploy.0 = Debug|ARM64
		{1DD6EB4B-5CF8-4BEA-85A0-4BF9ACE4D03F}.Debug|x64.ActiveCfg = Debug|x64
		{1DD6EB4B-5CF8-4BEA-85A0-4BF9ACE4D03F}.Debug|x64.Build.0 = Debug|x64
		{1DD6EB4B-5CF8-4BEA-85A0-4BF9ACE4D03F}.Debug|x64.Deploy.0 = Debug|x64
		{1DD6EB4B-5CF8-4BEA-85A0-4BF9ACE4D03F}.Debug|x86.ActiveCfg = Debug|Win32
		{1DD6EB4B-5CF8-4BEA-85A0-4BF9ACE4D03F}.Debug|x86.Build.0 = Debug|Win32
		{1DD6EB4B-5CF8-4BEA-85A0-4BF9ACE4D03F}.Debug|x86.Deploy.0 = Debug|Win32
		{1DD6EB4B-5CF8-4BEA-85A0-4BF9ACE4D03F}.Release|ARM.ActiveCfg = Release|ARM
		{1DD6EB4B-5CF8-4BEA-85A0-4BF9ACE4D03F}.Release|ARM.Build.0 = Release|ARM
		{1DD6EB4B-5CF8-4BEA-85A0-4BF9ACE4D03F}.Release|ARM.Deploy.0 = Release|ARM
		{1DD6EB4B-5CF8-4BEA-85A0-4BF9ACE4D03F}.Release|ARM64.ActiveCfg = Release|ARM64
		{1DD6EB4B-5CF8-4BEA-85A0-4BF9ACE4D03F}.Release|ARM64.Build.0 = Release|ARM64
		{1DD6EB4B-5CF8-4BEA-85A0-4BF9ACE4D03F}.Release|ARM64.Deploy.0 = Release|ARM64
		{1DD6EB4B-5CF8-4BEA-85A0-4BF9ACE4D03F}.Release|x64.ActiveCfg = Release|x64
		{1DD6EB4B-5CF8-4BEA-85A0-4BF9ACE4D03F}.Release|x64.Build.0 = Release|x64
		{1DD6EB4B-5CF8-4BEA-85A0-4BF9ACE4D03F}.Release|x64.Deploy.0 = Release|x64
		{1DD6EB4B-5CF8-4BEA-85A0-4BF9ACE4D03F}.Release|x86.ActiveCfg = Release|Win32
		{1DD6EB4B-5CF8-4BEA-85A0-4BF9ACE4D03F}.Release|x86.Build.0 = Release|Win32
		{1DD6EB4B-5CF8-4BEA-85A0-4BF9ACE4D03F}.Release|x86.Deploy.0 = Release|Win32
		{D9FCE6EB-AC19-43D5-BB05-C46A156741F5}.Debug|ARM.ActiveCfg = Debug|ARM
		{D9FCE6EB-AC19-43D5-BB05-C46A156741F5}.Debug|ARM.Build.0 = Debug|ARM
		{D9FCE6EB-AC19-43D5-BB05-C46A156741F5}.Debug|ARM.Deploy.0 = Debug|ARM
		{D9FCE6EB-AC19-43D5-BB05-C46A156741F5}.Debug|ARM64.ActiveCfg = Debug|ARM64
		{D9FCE6EB-AC19-43D5-BB05-C46A156741F5}.Debug|ARM64.Build.0 = Debug|ARM64
		{D9FCE6EB-AC19-43D5-BB05-C46A156741F5}.Debug|ARM64.Deploy.0 = Debug|ARM64
		{D9FCE6EB-AC19-43D5-BB05-C46A156741F5}.Debug|x64.ActiveCfg = Debug|x64
		{D9FCE6EB-AC19-43D5-BB05-C46A156741F5}.Debug|x64.Build.0 = Debug|x64
		{D9FCE6EB-AC19-43D5-BB05-C46A156741F5}.Debug|x64.Deploy.0 = Debug|x64
		{D9FCE6EB-AC19-43D5-BB05-C46A156741F5}.Debug|x86.ActiveCfg = Debug|Win32
		{D9FCE6EB-AC19-43D5-BB05-C46A156741F5}.Debug|x86.Build.0 = Debug|Win32
		{D9FCE6EB-AC19-43D5-BB05-C46A156741F5}.Debug|x86.Deploy.0 = Debug|Win32
		{D9FCE6EB-AC19-43D5-BB05-C46A156741F5}.Release|ARM.ActiveCfg = Release|ARM
		{D9FCE6EB-AC19-43D5-BB05-C46A156741F5}.Release|ARM.Build.0 = Release|ARM
		{D9FCE6EB-AC19-43D5-BB05-C46A156741F5}.Release|ARM.Deploy.0 = Release|ARM
		{D9FCE6EB-AC19-43D5-BB05-C46A156741F5}.Release|ARM64.ActiveCfg = Release|ARM64
		{D9FCE6EB-AC19-43D5-BB05-C46A156741F5}.Release|ARM64.Build.0 = Release|ARM64
		{D9FCE6EB-AC19-43D5-BB05-C46A156741F5}.Release|ARM64.Deploy.0 = Release|ARM64
		{D9FCE6EB-AC19-43D5-BB05-C46A156741F5}.Release|x64.ActiveCfg = Release|x64
		{D9FCE6EB-AC19-43D5-BB05-C46A156741F5}.Release|x64.Build.0 = Release|x64
		{D9FCE6EB-AC19-43D5-BB05-C46A156741F5}.Release|x64.Deploy.0 = Release|x64
		{D9FCE6EB-AC19-43D5-BB05-C46A156741F5}.Release|x86.ActiveCfg = Release|Win32
		{D9FCE6EB-AC19-43D5-BB05-C46A156741F5}.Release|x86.Build.0 = Release|Win32
		{D9FCE6EB-AC19-43D5-BB05-C46A156741F5}.Release|x86.Deploy.0 = Release|Win32
		{DAC2E8C2-2F0F-4758-BD0B-136451A1C055}.Debug|ARM.ActiveCfg = Debug|ARM
		{DAC2E8C2-2F0F-4758-BD0B-136451A1C055}.Debug|ARM.Build.0 = Debug|ARM
		{DAC2E8C2-2F0F-4758-BD0B-136451A1C055}.Debug|ARM.Deploy.0 = Debug|ARM
		{DAC2E8C2-2F0F-4758-BD0B-136451A1C055}.Debug|ARM64.ActiveCfg = Debug|ARM64
		{DAC2E8C2-2F0F-4758-BD0B-136451A1C055}.Debug|ARM64.Build.0 = Debug|ARM64
		{DAC2E8C2-2F0F-4758-BD0B-136451A1C055}.Debug|ARM64.Deploy.0 = Debug|ARM64
		{DAC2E8C2-2F0F-4758-BD0B-136451A1C055}.Debug|x64.ActiveCfg = Debug|x64
		{DAC2E8C2-2F0F-4758-BD0B-136451A1C055}.Debug|x64.Build.0 = Debug|x64
		{DAC2E8C2-2F0F-4758-BD0B-136451A1C055}.Debug|x64.Deploy.0 = Debug|x64
		{DAC2E8C2-2F0F-4758-BD0B-136451A1C055}.Debug|x86.ActiveCfg = Debug|Win32
		{DAC2E8C2-2F0F-4758-BD0B-136451A1C055}.Debug|x86.Build.0 = Debug|Win32
		{DAC2E8C2-2F0F-4758-BD0B-136451A1C055}.Debug|x86.Deploy.0 = Debug|Win32
		{DAC2E8C2-2F0F-4758-BD0B-136451A1C055}.Release|ARM.ActiveCfg = Release|ARM
		{DAC2E8C2-2F0F-4758-BD0B-136451A1C055}.Release|ARM.Build.0 = Release|ARM
		{DAC2E8C2-2F0F-4758-BD0B-136451A1C055}.Release|ARM.Deploy.0 = Release|ARM
		{DAC2E8C2-2F0F-4758-BD0B-136451A1C055}.Release|ARM64.ActiveCfg = Release|ARM64
		{DAC2E8C2-2F0F-4758-BD0B-136451A1C055}.Release|ARM64.Build.0 = Release|ARM64
		{DAC2E8C2-2F0F-4758-BD0B-136451A1C055}.Release|ARM64.Deploy.0 = Release|ARM64
		{DAC2E8C2-2F0F-4758-BD0B-136451A1C055}.Release|x64.ActiveCfg = Release|x64
		{DAC2E8C2-2F0F-4758-BD0B-136451A1C055}.Release|x64.Build.0 = Release|x64
		{DAC2E8C2-2F0F-4758-BD0B-136451A1C055}.Release|x64.Deploy.0 = Release|x64
		{DAC2E8C2-2F0F-4758-BD0B-136451A1C055}.Release|x86.ActiveCfg = Release|Win32
		{DAC2E8C2-2F0F-4758-BD0B-136451A1C055}.Release|x86.Build.0 = Release|Win32
		{DAC2E8C2-2F0F-4758-BD0B-136451A1C055}.Release|x86.Deploy.0 = Release|Win32
		{6E5255A8-8761-4EF8-8368-E83409F7EFC8}.Debug|ARM.ActiveCfg = Debug|ARM
		{6E5255A8-8761-4EF8-8368-E83409F7EFC8}.Debug|ARM.Build.0 = Debug|ARM
		{6E5255A8-8761-4EF8-8368-E83409F7EFC8}.Debug|ARM.Deploy.0 = Debug|ARM
		{6E5255A8-8761-4EF8-8368-E83409F7EFC8}.Debug|ARM64.ActiveCfg = Debug|ARM64
		{6E5255A8-8761-4EF8-8368-E83409F7EFC8}.Debug|ARM64.Build.0 = Debug|ARM64
		{6E5255A8-8761-4EF8-8368-E83409F7EFC8}.Debug|ARM64.Deploy.0 = Debug|ARM64
		{6E5255A8-8761-4EF8-8368-E83409F7EFC8}.Debug|x64.ActiveCfg = Debug|x64
		{6E5255A8-8761-4EF8-8368-E83409F7EFC8}.Debug|x64.Build.0 = Debug|x64
		{6E5255A8-8761-4EF8-8368-E83409F7EFC8}.Debug|x64.Deploy.0 = Debug|x64
		{6E5255A8-8761-4EF8-8368-E83409F7EFC8}.Debug|x86.ActiveCfg = Debug|Win32
		{6E5255A8-8761-4EF8-8368-E83409F7EFC8}.Debug|x86.Build.0 = Debug|Win32
		{6E5255A8-8761-4EF8-8368-E83409F7EFC8}.Debug|x86.Deploy.0 = Debug|Win32
		{6E5255A8-8761-4EF8-8368-E83409F7EFC8}.Release|ARM.ActiveCfg = Release|ARM
		{6E5255A8-8761-4EF8-8368-E83409F7EFC8}.Release|ARM.Build.0 = Release|ARM
		{6E5255A8-8761-4EF8-8368-E83409F7EFC8}.Release|ARM.Deploy.0 = Release|ARM
		{6E5255A8-8761-4EF8-8368-E83409F7EFC8}.Release|ARM64.ActiveCfg = Release|ARM64
		{6E5255A8-8761-4EF8-8368-E83409F7EFC8}.Release|ARM64.Build.0 = Release|ARM64
		{6E5255A8-8761-4EF8-8368-E83409F7EFC8}.Release|ARM64.Deploy.0 = Release|ARM64
		{6E5255A8-8761-4EF8-8368-E83409F7EFC8}.Release|x64.ActiveCfg = Release|x64
		{6E5255A8-8761-4EF8-8368-E83409F7EFC8}.Release|x64.Build.0 = Release|x64
		{6E5255A8-8761-4EF8-8368-E83409F7EFC8}.Release|x64.Deploy.0 = Release|x64
		{6E5255A8-8761-4EF8-8368-E83409F7EFC8}.Release|x86.ActiveCfg = Release|Win32
		{6E5255A8-8761-4EF8-8368-E83409F7EFC8}.Release|x86.Build.0 = Release|Win32
		{6E5255A8-8761-4EF8-8368-E83409F7EFC8}.Release|x86.Deploy.0 = Release|Win32
		{89AD3F63-46DE-46F9-AD91-228A3EA11C38}.Debug|ARM.ActiveCfg = Debug|ARM
		{89AD3F63-46DE-46F9-AD91-228A3EA11C38}.Debug|ARM.Build.0 = Debug|ARM
		{89AD3F63-46DE-46F9-AD91-228A3EA11C38}.Debug|ARM.Deploy.0 = Debug|ARM
		{89AD3F63-46DE-46F9-AD91-228A3EA11C38}.Debug|ARM64.ActiveCfg = Debug|ARM64
		{89AD3F63-46DE-46F9-AD91-228A3EA11C38}.Debug|ARM64.Build.0 = Debug|ARM64
		{89AD3F63-46DE-46F9-AD91-228A3EA11C38}.Debug|ARM64.Deploy.0 = Debug|ARM64
		{89AD3F63-46DE-46F9-AD91-228A3EA11C38}.Debug|x64.ActiveCfg = Debug|x64
		{89AD3F63-46DE-46F9-AD91-228A3EA11C38}.Debug|x64.Build.0 = Debug|x64
		{89AD3F63-46DE-46F9-AD91-228A3EA11C38}.Debug|x64.Deploy.0 = Debug|x64
		{89AD3F63-46DE-46F9-AD91-228A3EA11C38}.Debug|x86.ActiveCfg = Debug|Win32
		{89AD3F63-46DE-46F9-AD91-228A3EA11C38}.Debug|x86.Build.0 = Debug|Win32
		{89AD3F63-46DE-46F9-AD91-228A3EA11C38}.Debug|x86.Deploy.0 = Debug|Win32
		{89AD3F63-46DE-46F9-AD91-228A3EA11C38}.Release|ARM.ActiveCfg = Release|ARM
		{89AD3F63-46DE-46F9-AD91-228A3EA11C38}.Release|ARM.Build.0 = Release|ARM
		{89AD3F63-46DE-46F9-AD91-228A3EA11C38}.Release|ARM.Deploy.0 = Release|ARM
		{89AD3F63-46DE-46F9-AD91-228A3EA11C38}.Release|ARM64.ActiveCfg = Release|ARM64
		{89AD3F63-46DE-46F9-AD91-228A3EA11C38}.Release|ARM64.Build.0 = Release|ARM64
		{89AD3F63-46DE-46F9-AD91-228A3EA11C38}.Release|ARM64.Deploy.0 = Release|ARM64
		{89AD3F63-46DE-46F9-AD91-228A3EA11C38}.Release|x64.ActiveCfg = Release|x64
		{89AD3F63-46DE-46F9-AD91-228A3EA11C38}.Release|x64.Build.0 = Release|x64
		{89AD3F63-46DE-46F9-AD91-228A3EA11C38}.Release|x64.Deploy.0 = Release|x64
		{89AD3F63-46DE-46F9-AD91-228A3EA11C38}.Release|x86.ActiveCfg = Release|Win32
		{89AD3F63-46DE-46F9-AD91-228A3EA11C38}.Release|x86.Build.0 = Release|Win32
		{89AD3F63-46DE-46F9-AD91-228A3EA11C38}.Release|x86.Deploy.0 = Release|Win32
	EndGlobalSection
	GlobalSection(SolutionProperties) = preSolution
		HideSolutionNode = FALSE
	EndGlobalSection
EndGlobal
